github.com/reiver/go-eip55 v0.0.0-20240527041653-83d5e9e05714 h1:kqpgUDvgg7XOPASTU5SkEkIJiJtXvsUdSTUsYOQdIEY=
github.com/reiver/go-eip55 v0.0.0-20240527041653-83d5e9e05714/go.mod h1:2xGMQ+3MPfBfiFCxZ5quOeamJQeZTvpmiWiGnVHyV8I=
github.com/reiver/go-erorr v0.0.0-20240704145350-0485e21eaa82 h1:xxt7qL+7ZfRysXWXU2MpULOg/zWe5P+Fmw9VyUFCmZE=
github.com/reiver/go-erorr v0.0.0-20240704145350-0485e21eaa82/go.mod h1:F0HbBf+Ak2ZlE8YkDW4Y+KxaUmT0KaaIJK6CXY3cJxE=
github.com/reiver/go-opt v0.0.0-20240704165441-4ce81358adfc h1:9ARo75fNaZDaGy6zzTrCnJWtkDMNigM7uMRRK8sUERM=
github.com/reiver/go-opt v0.0.0-20240704165441-4ce81358adfc/go.mod h1:Yu6dFKh0IZ0evP9U5QiBlxBa5BhlBzGEn7EZ1kP/pkA=
golang.org/x/crypto v0.22.0 h1:g1v0xeRhjcugydODzvb3mEM9SQ0HGp9s/nh3COQ/C30=
golang.org/x/crypto v0.22.0/go.mod h1:vr6Su+7cTlO45qkww3VDJlzDn0ctJvRgYbC2NvXHt+M=
golang.org/x/sys v0.19.0 h1:q5f1RH2jigJ1MoAWp2KTp3gm5zAGFUTarQZ5U386+4o=
golang.org/x/sys v0.19.0/go.mod h1:/VUhepiaJMQUp4+oa/7Zr1D23ma6VTLIYjOOTFZPUcA=
sourcecode.social/reiver/go-hexadeca v0.0.0-20240616215636-78ace1128752 h1:YRwg8/1dAlFG6rph8COlEoO/sMYcPwsiosWc7R45dgw=
sourcecode.social/reiver/go-hexadeca v0.0.0-20240616215636-78ace1128752/go.mod h1:sKfUgLotB+YmpoJnNSEOIVvs9TV7OxWNfY/a+a7QvBo=
